
Microsoft Visual Studio Solution File, Format Version 12.00
# Visual Studio Version 16
VisualStudioVersion = 16.0.30907.101
MinimumVisualStudioVersion = 10.0.40219.1
Project("{9A19103F-16F7-4668-BE54-9A1E7A4F7556}") = "JsIntegrationDemo", "JsIntegrationDemo\JsIntegrationDemo.csproj", "{83C52D56-92C9-4994-8372-7146129BBE31}"
EndProject
Project("{9A19103F-16F7-4668-BE54-9A1E7A4F7556}") = "JsIntegrationDemo-Webpack", "JsIntegrationDemo-Webpack\JsIntegrationDemo-Webpack.csproj", "{535E148E-E01D-4238-BC46-53DEF6765A1C}"
EndProject
Project("{9A19103F-16F7-4668-BE54-9A1E7A4F7556}") = "JsIntegrationDemo-Rollup", "JsIntegrationDemo-Rollup\JsIntegrationDemo-Rollup.csproj", "{0677442E-6294-4E23-A43E-E29F56E1386C}"
EndProject
Global
	GlobalSection(SolutionConfigurationPlatforms) = preSolution
		Debug|Any CPU = Debug|Any CPU
		Release|Any CPU = Release|Any CPU
	EndGlobalSection
	GlobalSection(ProjectConfigurationPlatforms) = postSolution
		{83C52D56-92C9-4994-8372-7146129BBE31}.Debug|Any CPU.ActiveCfg = Debug|Any CPU
		{83C52D56-92C9-4994-8372-7146129BBE31}.Debug|Any CPU.Build.0 = Debug|Any CPU
		{83C52D56-92C9-4994-8372-7146129BBE31}.Release|Any CPU.ActiveCfg = Release|Any CPU
		{83C52D56-92C9-4994-8372-7146129BBE31}.Release|Any CPU.Build.0 = Release|Any CPU
		{535E148E-E01D-4238-BC46-53DEF6765A1C}.Debug|Any CPU.ActiveCfg = Debug|Any CPU
		{535E148E-E01D-4238-BC46-53DEF6765A1C}.Debug|Any CPU.Build.0 = Debug|Any CPU
		{535E148E-E01D-4238-BC46-53DEF6765A1C}.Release|Any CPU.ActiveCfg = Release|Any CPU
		{535E148E-E01D-4238-BC46-53DEF6765A1C}.Release|Any CPU.Build.0 = Release|Any CPU
		{0677442E-6294-4E23-A43E-E29F56E1386C}.Debug|Any CPU.ActiveCfg = Debug|Any CPU
		{0677442E-6294-4E23-A43E-E29F56E1386C}.Debug|Any CPU.Build.0 = Debug|Any CPU
		{0677442E-6294-4E23-A43E-E29F56E1386C}.Release|Any CPU.ActiveCfg = Release|Any CPU
		{0677442E-6294-4E23-A43E-E29F56E1386C}.Release|Any CPU.Build.0 = Release|Any CPU
	EndGlobalSection
	GlobalSection(SolutionProperties) = preSolution
		HideSolutionNode = FALSE
	EndGlobalSection
	GlobalSection(ExtensibilityGlobals) = postSolution
		SolutionGuid = {CEE393AB-6809-4637-A695-2FB0BBF10394}
	EndGlobalSection
EndGlobal
